
Microsoft Visual Studio Solution File, Format Version 12.00
# Visual Studio 15
VisualStudioVersion = 15.0.26124.0
MinimumVisualStudioVersion = 15.0.26124.0
Project("{FAE04EC0-301F-11D3-BF4B-00C04F79EFBC}") = "application", "Api.Application\application.csproj", "{5FC81AEB-AD1C-412E-8217-59656CE570B5}"
EndProject
Project("{FAE04EC0-301F-11D3-BF4B-00C04F79EFBC}") = "Domain", "Api.Domain\Domain.csproj", "{EA6FDEC6-E17A-4001-BE7C-A06A0BF65C82}"
EndProject
Project("{FAE04EC0-301F-11D3-BF4B-00C04F79EFBC}") = "CrossCutting", "Api.CrossCutting\CrossCutting.csproj", "{3543230B-2F0E-4685-BFC8-1F4CA0EB2944}"
EndProject
Project("{FAE04EC0-301F-11D3-BF4B-00C04F79EFBC}") = "Data", "Api.Data\Data.csproj", "{8752BD9C-54DD-464E-BAC9-3E68021963DB}"
EndProject
Project("{FAE04EC0-301F-11D3-BF4B-00C04F79EFBC}") = "Service", "Api.Service\Service.csproj", "{EE194A70-FADA-4240-AE75-C89C142160E1}"
EndProject
Project("{FAE04EC0-301F-11D3-BF4B-00C04F79EFBC}") = "Api.Data.Test", "Api.Data.Test\Api.Data.Test.csproj", "{1EEE76C2-B100-4251-B016-715BABB4BBFF}"
EndProject
Project("{FAE04EC0-301F-11D3-BF4B-00C04F79EFBC}") = "Api.Service.Test", "Api.Service.Test\Api.Service.Test.csproj", "{D4BDA62D-3F0B-4697-9F6F-4E2E750D0C81}"
EndProject
Project("{FAE04EC0-301F-11D3-BF4B-00C04F79EFBC}") = "Api.Application.Test", "Api.Application.Test\Api.Application.Test.csproj", "{DD659B6C-59B7-46C8-AA53-2F29DC504539}"
EndProject
Project("{FAE04EC0-301F-11D3-BF4B-00C04F79EFBC}") = "Api.Integration.Test", "Api.Integration.Test\Api.Integration.Test.csproj", "{23944CC0-CF46-4E6B-8423-DCBCFD955703}"
EndProject
Global
	GlobalSection(SolutionConfigurationPlatforms) = preSolution
		Debug|Any CPU = Debug|Any CPU
		Debug|x64 = Debug|x64
		Debug|x86 = Debug|x86
		Release|Any CPU = Release|Any CPU
		Release|x64 = Release|x64
		Release|x86 = Release|x86
	EndGlobalSection
	GlobalSection(SolutionProperties) = preSolution
		HideSolutionNode = FALSE
	EndGlobalSection
	GlobalSection(ProjectConfigurationPlatforms) = postSolution
		{5FC81AEB-AD1C-412E-8217-59656CE570B5}.Debug|Any CPU.ActiveCfg = Debug|Any CPU
		{5FC81AEB-AD1C-412E-8217-59656CE570B5}.Debug|Any CPU.Build.0 = Debug|Any CPU
		{5FC81AEB-AD1C-412E-8217-59656CE570B5}.Debug|x64.ActiveCfg = Debug|Any CPU
		{5FC81AEB-AD1C-412E-8217-59656CE570B5}.Debug|x64.Build.0 = Debug|Any CPU
		{5FC81AEB-AD1C-412E-8217-59656CE570B5}.Debug|x86.ActiveCfg = Debug|Any CPU
		{5FC81AEB-AD1C-412E-8217-59656CE570B5}.Debug|x86.Build.0 = Debug|Any CPU
		{5FC81AEB-AD1C-412E-8217-59656CE570B5}.Release|Any CPU.ActiveCfg = Release|Any CPU
		{5FC81AEB-AD1C-412E-8217-59656CE570B5}.Release|Any CPU.Build.0 = Release|Any CPU
		{5FC81AEB-AD1C-412E-8217-59656CE570B5}.Release|x64.ActiveCfg = Release|Any CPU
		{5FC81AEB-AD1C-412E-8217-59656CE570B5}.Release|x64.Build.0 = Release|Any CPU
		{5FC81AEB-AD1C-412E-8217-59656CE570B5}.Release|x86.ActiveCfg = Release|Any CPU
		{5FC81AEB-AD1C-412E-8217-59656CE570B5}.Release|x86.Build.0 = Release|Any CPU
		{EA6FDEC6-E17A-4001-BE7C-A06A0BF65C82}.Debug|Any CPU.ActiveCfg = Debug|Any CPU
		{EA6FDEC6-E17A-4001-BE7C-A06A0BF65C82}.Debug|Any CPU.Build.0 = Debug|Any CPU
		{EA6FDEC6-E17A-4001-BE7C-A06A0BF65C82}.Debug|x64.ActiveCfg = Debug|Any CPU
		{EA6FDEC6-E17A-4001-BE7C-A06A0BF65C82}.Debug|x64.Build.0 = Debug|Any CPU
		{EA6FDEC6-E17A-4001-BE7C-A06A0BF65C82}.Debug|x86.ActiveCfg = Debug|Any CPU
		{EA6FDEC6-E17A-4001-BE7C-A06A0BF65C82}.Debug|x86.Build.0 = Debug|Any CPU
		{EA6FDEC6-E17A-4001-BE7C-A06A0BF65C82}.Release|Any CPU.ActiveCfg = Release|Any CPU
		{EA6FDEC6-E17A-4001-BE7C-A06A0BF65C82}.Release|Any CPU.Build.0 = Release|Any CPU
		{EA6FDEC6-E17A-4001-BE7C-A06A0BF65C82}.Release|x64.ActiveCfg = Release|Any CPU
		{EA6FDEC6-E17A-4001-BE7C-A06A0BF65C82}.Release|x64.Build.0 = Release|Any CPU
		{EA6FDEC6-E17A-4001-BE7C-A06A0BF65C82}.Release|x86.ActiveCfg = Release|Any CPU
		{EA6FDEC6-E17A-4001-BE7C-A06A0BF65C82}.Release|x86.Build.0 = Release|Any CPU
		{3543230B-2F0E-4685-BFC8-1F4CA0EB2944}.Debug|Any CPU.ActiveCfg = Debug|Any CPU
		{3543230B-2F0E-4685-BFC8-1F4CA0EB2944}.Debug|Any CPU.Build.0 = Debug|Any CPU
		{3543230B-2F0E-4685-BFC8-1F4CA0EB2944}.Debug|x64.ActiveCfg = Debug|Any CPU
		{3543230B-2F0E-4685-BFC8-1F4CA0EB2944}.Debug|x64.Build.0 = Debug|Any CPU
		{3543230B-2F0E-4685-BFC8-1F4CA0EB2944}.Debug|x86.ActiveCfg = Debug|Any CPU
		{3543230B-2F0E-4685-BFC8-1F4CA0EB2944}.Debug|x86.Build.0 = Debug|Any CPU
		{3543230B-2F0E-4685-BFC8-1F4CA0EB2944}.Release|Any CPU.ActiveCfg = Release|Any CPU
		{3543230B-2F0E-4685-BFC8-1F4CA0EB2944}.Release|Any CPU.Build.0 = Release|Any CPU
		{3543230B-2F0E-4685-BFC8-1F4CA0EB2944}.Release|x64.ActiveCfg = Release|Any CPU
		{3543230B-2F0E-4685-BFC8-1F4CA0EB2944}.Release|x64.Build.0 = Release|Any CPU
		{3543230B-2F0E-4685-BFC8-1F4CA0EB2944}.Release|x86.ActiveCfg = Release|Any CPU
		{3543230B-2F0E-4685-BFC8-1F4CA0EB2944}.Release|x86.Build.0 = Release|Any CPU
		{8752BD9C-54DD-464E-BAC9-3E68021963DB}.Debug|Any CPU.ActiveCfg = Debug|Any CPU
		{8752BD9C-54DD-464E-BAC9-3E68021963DB}.Debug|Any CPU.Build.0 = Debug|Any CPU
		{8752BD9C-54DD-464E-BAC9-3E68021963DB}.Debug|x64.ActiveCfg = Debug|Any CPU
		{8752BD9C-54DD-464E-BAC9-3E68021963DB}.Debug|x64.Build.0 = Debug|Any CPU
		{8752BD9C-54DD-464E-BAC9-3E68021963DB}.Debug|x86.ActiveCfg = Debug|Any CPU
		{8752BD9C-54DD-464E-BAC9-3E68021963DB}.Debug|x86.Build.0 = Debug|Any CPU
		{8752BD9C-54DD-464E-BAC9-3E68021963DB}.Release|Any CPU.ActiveCfg = Release|Any CPU
		{8752BD9C-54DD-464E-BAC9-3E68021963DB}.Release|Any CPU.Build.0 = Release|Any CPU
		{8752BD9C-54DD-464E-BAC9-3E68021963DB}.Release|x64.ActiveCfg = Release|Any CPU
		{8752BD9C-54DD-464E-BAC9-3E68021963DB}.Release|x64.Build.0 = Release|Any CPU
		{8752BD9C-54DD-464E-BAC9-3E68021963DB}.Release|x86.ActiveCfg = Release|Any CPU
		{8752BD9C-54DD-464E-BAC9-3E68021963DB}.Release|x86.Build.0 = Release|Any CPU
		{EE194A70-FADA-4240-AE75-C89C142160E1}.Debug|Any CPU.ActiveCfg = Debug|Any CPU
		{EE194A70-FADA-4240-AE75-C89C142160E1}.Debug|Any CPU.Build.0 = Debug|Any CPU
		{EE194A70-FADA-4240-AE75-C89C142160E1}.Debug|x64.ActiveCfg = Debug|Any CPU
		{EE194A70-FADA-4240-AE75-C89C142160E1}.Debug|x64.Build.0 = Debug|Any CPU
		{EE194A70-FADA-4240-AE75-C89C142160E1}.Debug|x86.ActiveCfg = Debug|Any CPU
		{EE194A70-FADA-4240-AE75-C89C142160E1}.Debug|x86.Build.0 = Debug|Any CPU
		{EE194A70-FADA-4240-AE75-C89C142160E1}.Release|Any CPU.ActiveCfg = Release|Any CPU
		{EE194A70-FADA-4240-AE75-C89C142160E1}.Release|Any CPU.Build.0 = Release|Any CPU
		{EE194A70-FADA-4240-AE75-C89C142160E1}.Release|x64.ActiveCfg = Release|Any CPU
		{EE194A70-FADA-4240-AE75-C89C142160E1}.Release|x64.Build.0 = Release|Any CPU
		{EE194A70-FADA-4240-AE75-C89C142160E1}.Release|x86.ActiveCfg = Release|Any CPU
		{EE194A70-FADA-4240-AE75-C89C142160E1}.Release|x86.Build.0 = Release|Any CPU
		{DE713E7C-2071-445C-A970-0E325C08FE88}.Debug|Any CPU.ActiveCfg = Debug|Any CPU
		{DE713E7C-2071-445C-A970-0E325C08FE88}.Debug|Any CPU.Build.0 = Debug|Any CPU
		{DE713E7C-2071-445C-A970-0E325C08FE88}.Debug|x64.ActiveCfg = Debug|Any CPU
		{DE713E7C-2071-445C-A970-0E325C08FE88}.Debug|x64.Build.0 = Debug|Any CPU
		{DE713E7C-2071-445C-A970-0E325C08FE88}.Debug|x86.ActiveCfg = Debug|Any CPU
		{DE713E7C-2071-445C-A970-0E325C08FE88}.Debug|x86.Build.0 = Debug|Any CPU
		{DE713E7C-2071-445C-A970-0E325C08FE88}.Release|Any CPU.ActiveCfg = Release|Any CPU
		{DE713E7C-2071-445C-A970-0E325C08FE88}.Release|Any CPU.Build.0 = Release|Any CPU
		{DE713E7C-2071-445C-A970-0E325C08FE88}.Release|x64.ActiveCfg = Release|Any CPU
		{DE713E7C-2071-445C-A970-0E325C08FE88}.Release|x64.Build.0 = Release|Any CPU
		{DE713E7C-2071-445C-A970-0E325C08FE88}.Release|x86.ActiveCfg = Release|Any CPU
		{DE713E7C-2071-445C-A970-0E325C08FE88}.Release|x86.Build.0 = Release|Any CPU
		{1EEE76C2-B100-4251-B016-715BABB4BBFF}.Debug|Any CPU.ActiveCfg = Debug|Any CPU
		{1EEE76C2-B100-4251-B016-715BABB4BBFF}.Debug|Any CPU.Build.0 = Debug|Any CPU
		{1EEE76C2-B100-4251-B016-715BABB4BBFF}.Debug|x64.ActiveCfg = Debug|Any CPU
		{1EEE76C2-B100-4251-B016-715BABB4BBFF}.Debug|x64.Build.0 = Debug|Any CPU
		{1EEE76C2-B100-4251-B016-715BABB4BBFF}.Debug|x86.ActiveCfg = Debug|Any CPU
		{1EEE76C2-B100-4251-B016-715BABB4BBFF}.Debug|x86.Build.0 = Debug|Any CPU
		{1EEE76C2-B100-4251-B016-715BABB4BBFF}.Release|Any CPU.ActiveCfg = Release|Any CPU
		{1EEE76C2-B100-4251-B016-715BABB4BBFF}.Release|Any CPU.Build.0 = Release|Any CPU
		{1EEE76C2-B100-4251-B016-715BABB4BBFF}.Release|x64.ActiveCfg = Release|Any CPU
		{1EEE76C2-B100-4251-B016-715BABB4BBFF}.Release|x64.Build.0 = Release|Any CPU
		{1EEE76C2-B100-4251-B016-715BABB4BBFF}.Release|x86.ActiveCfg = Release|Any CPU
		{1EEE76C2-B100-4251-B016-715BABB4BBFF}.Release|x86.Build.0 = Release|Any CPU
		{D4BDA62D-3F0B-4697-9F6F-4E2E750D0C81}.Debug|Any CPU.ActiveCfg = Debug|Any CPU
		{D4BDA62D-3F0B-4697-9F6F-4E2E750D0C81}.Debug|Any CPU.Build.0 = Debug|Any CPU
		{D4BDA62D-3F0B-4697-9F6F-4E2E750D0C81}.Debug|x64.ActiveCfg = Debug|Any CPU
		{D4BDA62D-3F0B-4697-9F6F-4E2E750D0C81}.Debug|x64.Build.0 = Debug|Any CPU
		{D4BDA62D-3F0B-4697-9F6F-4E2E750D0C81}.Debug|x86.ActiveCfg = Debug|Any CPU
		{D4BDA62D-3F0B-4697-9F6F-4E2E750D0C81}.Debug|x86.Build.0 = Debug|Any CPU
		{D4BDA62D-3F0B-4697-9F6F-4E2E750D0C81}.Release|Any CPU.ActiveCfg = Release|Any CPU
		{D4BDA62D-3F0B-4697-9F6F-4E2E750D0C81}.Release|Any CPU.Build.0 = Release|Any CPU
		{D4BDA62D-3F0B-4697-9F6F-4E2E750D0C81}.Release|x64.ActiveCfg = Release|Any CPU
		{D4BDA62D-3F0B-4697-9F6F-4E2E750D0C81}.Release|x64.Build.0 = Release|Any CPU
		{D4BDA62D-3F0B-4697-9F6F-4E2E750D0C81}.Release|x86.ActiveCfg = Release|Any CPU
		{D4BDA62D-3F0B-4697-9F6F-4E2E750D0C81}.Release|x86.Build.0 = Release|Any CPU
		{DD659B6C-59B7-46C8-AA53-2F29DC504539}.Debug|Any CPU.ActiveCfg = Debug|Any CPU
		{DD659B6C-59B7-46C8-AA53-2F29DC504539}.Debug|Any CPU.Build.0 = Debug|Any CPU
		{DD659B6C-59B7-46C8-AA53-2F29DC504539}.Debug|x64.ActiveCfg = Debug|Any CPU
		{DD659B6C-59B7-46C8-AA53-2F29DC504539}.Debug|x64.Build.0 = Debug|Any CPU
		{DD659B6C-59B7-46C8-AA53-2F29DC504539}.Debug|x86.ActiveCfg = Debug|Any CPU
		{DD659B6C-59B7-46C8-AA53-2F29DC504539}.Debug|x86.Build.0 = Debug|Any CPU
		{DD659B6C-59B7-46C8-AA53-2F29DC504539}.Release|Any CPU.ActiveCfg = Release|Any CPU
		{DD659B6C-59B7-46C8-AA53-2F29DC504539}.Release|Any CPU.Build.0 = Release|Any CPU
		{DD659B6C-59B7-46C8-AA53-2F29DC504539}.Release|x64.ActiveCfg = Release|Any CPU
		{DD659B6C-59B7-46C8-AA53-2F29DC504539}.Release|x64.Build.0 = Release|Any CPU
		{DD659B6C-59B7-46C8-AA53-2F29DC504539}.Release|x86.ActiveCfg = Release|Any CPU
		{DD659B6C-59B7-46C8-AA53-2F29DC504539}.Release|x86.Build.0 = Release|Any CPU
		{23944CC0-CF46-4E6B-8423-DCBCFD955703}.Debug|Any CPU.ActiveCfg = Debug|Any CPU
		{23944CC0-CF46-4E6B-8423-DCBCFD955703}.Debug|Any CPU.Build.0 = Debug|Any CPU
		{23944CC0-CF46-4E6B-8423-DCBCFD955703}.Debug|x64.ActiveCfg = Debug|Any CPU
		{23944CC0-CF46-4E6B-8423-DCBCFD955703}.Debug|x64.Build.0 = Debug|Any CPU
		{23944CC0-CF46-4E6B-8423-DCBCFD955703}.Debug|x86.ActiveCfg = Debug|Any CPU
		{23944CC0-CF46-4E6B-8423-DCBCFD955703}.Debug|x86.Build.0 = Debug|Any CPU
		{23944CC0-CF46-4E6B-8423-DCBCFD955703}.Release|Any CPU.ActiveCfg = Release|Any CPU
		{23944CC0-CF46-4E6B-8423-DCBCFD955703}.Release|Any CPU.Build.0 = Release|Any CPU
		{23944CC0-CF46-4E6B-8423-DCBCFD955703}.Release|x64.ActiveCfg = Release|Any CPU
		{23944CC0-CF46-4E6B-8423-DCBCFD955703}.Release|x64.Build.0 = Release|Any CPU
		{23944CC0-CF46-4E6B-8423-DCBCFD955703}.Release|x86.ActiveCfg = Release|Any CPU
		{23944CC0-CF46-4E6B-8423-DCBCFD955703}.Release|x86.Build.0 = Release|Any CPU
	EndGlobalSection
EndGlobal
